github.com/FlowerLab/dandelion v0.0.1 h1:9kr8lZr9e49NzCHs2khB/ODYmh7ceu346qmiJs8U7s4=
github.com/FlowerLab/dandelion v0.0.1/go.mod h1:pN9f3Mt9CXIbpt4GbkWhDo9jhKW6aFjVm0B5xCilcbs=
go.x2ox.com/utils v0.0.2 h1:LZtWiP/gE5uLhXMTAOoTG2oNCw/+0D5JKkClnVP8iK4=
go.x2ox.com/utils v0.0.2/go.mod h1:VUTnoMEv381Gerxi73QlEBIAqcR/UsgT3kiQ8Miaeno=
